
Microsoft Visual Studio Solution File, Format Version 12.00
# Visual Studio Version 16
VisualStudioVersion = 16.0.32602.291
MinimumVisualStudioVersion = 10.0.40219.1
Project("{FAE04EC0-301F-11D3-BF4B-00C04F79EFBC}") = "Task1", "Task1\Task1.csproj", "{D4FF20EA-AE67-41A6-B6A2-B14575A9E024}"
EndProject
Global
	GlobalSection(SolutionConfigurationPlatforms) = preSolution
		Debug|Any CPU = Debug|Any CPU
		Release|Any CPU = Release|Any CPU
	EndGlobalSection
	GlobalSection(ProjectConfigurationPlatforms) = postSolution
		{D4FF20EA-AE67-41A6-B6A2-B14575A9E024}.Debug|Any CPU.ActiveCfg = Debug|Any CPU
		{D4FF20EA-AE67-41A6-B6A2-B14575A9E024}.Debug|Any CPU.Build.0 = Debug|Any CPU
		{D4FF20EA-AE67-41A6-B6A2-B14575A9E024}.Release|Any CPU.ActiveCfg = Release|Any CPU
		{D4FF20EA-AE67-41A6-B6A2-B14575A9E024}.Release|Any CPU.Build.0 = Release|Any CPU
	EndGlobalSection
	GlobalSection(SolutionProperties) = preSolution
		HideSolutionNode = FALSE
	EndGlobalSection
	GlobalSection(ExtensibilityGlobals) = postSolution
		SolutionGuid = {71EE71B9-1D1E-4143-8840-62DA5DD7FFE4}
	EndGlobalSection
EndGlobal
